
Microsoft Visual Studio Solution File, Format Version 12.00
# Visual Studio Version 17
VisualStudioVersion = 17.3.32804.467
MinimumVisualStudioVersion = 10.0.40219.1
Project("{FAE04EC0-301F-11D3-BF4B-00C04F79EFBC}") = "Generic Tree Mapping (GTM)", "Generic Tree Mapping (GTM).csproj", "{ADB1604E-C6DF-4A9F-85F6-761ECA0B4198}"
EndProject
Global
	GlobalSection(SolutionConfigurationPlatforms) = preSolution
		Debug|Any CPU = Debug|Any CPU
		Release|Any CPU = Release|Any CPU
	EndGlobalSection
	GlobalSection(ProjectConfigurationPlatforms) = postSolution
		{ADB1604E-C6DF-4A9F-85F6-761ECA0B4198}.Debug|Any CPU.ActiveCfg = Debug|Any CPU
		{ADB1604E-C6DF-4A9F-85F6-761ECA0B4198}.Debug|Any CPU.Build.0 = Debug|Any CPU
		{ADB1604E-C6DF-4A9F-85F6-761ECA0B4198}.Release|Any CPU.ActiveCfg = Release|Any CPU
		{ADB1604E-C6DF-4A9F-85F6-761ECA0B4198}.Release|Any CPU.Build.0 = Release|Any CPU
	EndGlobalSection
	GlobalSection(SolutionProperties) = preSolution
		HideSolutionNode = FALSE
	EndGlobalSection
	GlobalSection(ExtensibilityGlobals) = postSolution
		SolutionGuid = {F7C80392-654C-4879-A7C0-D2661710B959}
	EndGlobalSection
EndGlobal
